
Microsoft Visual Studio Solution File, Format Version 12.00
# Visual Studio Version 17
VisualStudioVersion = 17.13.35828.75
MinimumVisualStudioVersion = 10.0.40219.1
Project("{2150E333-8FDC-42A3-9474-1A3956D46DE8}") = "src", "src", "{02EA681E-C7D8-13C7-8484-4AC65E1B71E8}"
EndProject
Project("{2150E333-8FDC-42A3-9474-1A3956D46DE8}") = "tests", "tests", "{C43445A2-69BB-48F5-8D8B-45F82D29028D}"
EndProject
Project("{FAE04EC0-301F-11D3-BF4B-00C04F79EFBC}") = "Poolz.Finance.CSharp.Http", "src\Poolz.Finance.CSharp.Http\Poolz.Finance.CSharp.Http.csproj", "{6EAF7CF1-0D92-218F-D1AC-37BD1E926245}"
EndProject
Project("{FAE04EC0-301F-11D3-BF4B-00C04F79EFBC}") = "Poolz.Finance.CSharp.Http.Tests", "tests\Poolz.Finance.CSharp.Http.Tests\Poolz.Finance.CSharp.Http.Tests.csproj", "{7B8DC796-734F-C107-EB88-001D0D01E09F}"
EndProject
Global
	GlobalSection(SolutionConfigurationPlatforms) = preSolution
		Debug|Any CPU = Debug|Any CPU
		Release|Any CPU = Release|Any CPU
	EndGlobalSection
	GlobalSection(ProjectConfigurationPlatforms) = postSolution
		{6EAF7CF1-0D92-218F-D1AC-37BD1E926245}.Debug|Any CPU.ActiveCfg = Debug|Any CPU
		{6EAF7CF1-0D92-218F-D1AC-37BD1E926245}.Debug|Any CPU.Build.0 = Debug|Any CPU
		{6EAF7CF1-0D92-218F-D1AC-37BD1E926245}.Release|Any CPU.ActiveCfg = Release|Any CPU
		{6EAF7CF1-0D92-218F-D1AC-37BD1E926245}.Release|Any CPU.Build.0 = Release|Any CPU
		{7B8DC796-734F-C107-EB88-001D0D01E09F}.Debug|Any CPU.ActiveCfg = Debug|Any CPU
		{7B8DC796-734F-C107-EB88-001D0D01E09F}.Debug|Any CPU.Build.0 = Debug|Any CPU
		{7B8DC796-734F-C107-EB88-001D0D01E09F}.Release|Any CPU.ActiveCfg = Release|Any CPU
		{7B8DC796-734F-C107-EB88-001D0D01E09F}.Release|Any CPU.Build.0 = Release|Any CPU
	EndGlobalSection
	GlobalSection(SolutionProperties) = preSolution
		HideSolutionNode = FALSE
	EndGlobalSection
	GlobalSection(NestedProjects) = preSolution
		{6EAF7CF1-0D92-218F-D1AC-37BD1E926245} = {02EA681E-C7D8-13C7-8484-4AC65E1B71E8}
		{7B8DC796-734F-C107-EB88-001D0D01E09F} = {C43445A2-69BB-48F5-8D8B-45F82D29028D}
	EndGlobalSection
	GlobalSection(ExtensibilityGlobals) = postSolution
		SolutionGuid = {AF2F8BF3-0CF6-467C-944A-792A7D687E3C}
	EndGlobalSection
EndGlobal
